
Microsoft Visual Studio Solution File, Format Version 12.00
# Visual Studio Version 16
VisualStudioVersion = 16.0.29806.167
MinimumVisualStudioVersion = 10.0.40219.1
Project("{FAE04EC0-301F-11D3-BF4B-00C04F79EFBC}") = "Resturant", "Resturant\Resturant.csproj", "{9994E401-1440-4130-A3F1-03417D9FE2D0}"
EndProject
Project("{FAE04EC0-301F-11D3-BF4B-00C04F79EFBC}") = "Data", "Data\Data.csproj", "{8DEAC52C-C4AF-4021-94DB-56F1AB5465E7}"
EndProject
Global
	GlobalSection(SolutionConfigurationPlatforms) = preSolution
		Debug|Any CPU = Debug|Any CPU
		Release|Any CPU = Release|Any CPU
	EndGlobalSection
	GlobalSection(ProjectConfigurationPlatforms) = postSolution
		{9994E401-1440-4130-A3F1-03417D9FE2D0}.Debug|Any CPU.ActiveCfg = Debug|Any CPU
		{9994E401-1440-4130-A3F1-03417D9FE2D0}.Debug|Any CPU.Build.0 = Debug|Any CPU
		{9994E401-1440-4130-A3F1-03417D9FE2D0}.Release|Any CPU.ActiveCfg = Release|Any CPU
		{9994E401-1440-4130-A3F1-03417D9FE2D0}.Release|Any CPU.Build.0 = Release|Any CPU
		{8DEAC52C-C4AF-4021-94DB-56F1AB5465E7}.Debug|Any CPU.ActiveCfg = Debug|Any CPU
		{8DEAC52C-C4AF-4021-94DB-56F1AB5465E7}.Debug|Any CPU.Build.0 = Debug|Any CPU
		{8DEAC52C-C4AF-4021-94DB-56F1AB5465E7}.Release|Any CPU.ActiveCfg = Release|Any CPU
		{8DEAC52C-C4AF-4021-94DB-56F1AB5465E7}.Release|Any CPU.Build.0 = Release|Any CPU
	EndGlobalSection
	GlobalSection(SolutionProperties) = preSolution
		HideSolutionNode = FALSE
	EndGlobalSection
	GlobalSection(ExtensibilityGlobals) = postSolution
		SolutionGuid = {7E8B7FA2-6CD0-434B-9769-7CD5943E14B5}
	EndGlobalSection
EndGlobal
